PODS:
  - Alamofire (5.6.4)
  - BEMCheckBox (1.4.1)
  - boost (1.76.0)
  - CocoaAsyncSocket (7.6.5)
  - DoubleConversion (1.1.6)
  - FBLazyVector (0.69.7)
  - FBReactNativeSpec (0.69.7):
    - RCT-Folly (= 2021.06.28.00-v2)
    - RCTRequired (= 0.69.7)
    - RCTTypeSafety (= 0.69.7)
    - React-Core (= 0.69.7)
    - React-jsi (= 0.69.7)
    - ReactCommon/turbomodule/core (= 0.69.7)
  - Flipper (0.125.0):
    - Flipper-Folly (~> 2.6)
    - Flipper-RSocket (~> 1.4)
  - Flipper-Boost-iOSX (1.76.0.1.11)
  - Flipper-DoubleConversion (3.2.0.1)
  - Flipper-Fmt (7.1.7)
  - Flipper-Folly (2.6.10):
    - Flipper-Boost-iOSX
    - Flipper-DoubleConversion
    - Flipper-Fmt (= 7.1.7)
    - Flipper-Glog
    - libevent (~> 2.1.12)
    - OpenSSL-Universal (= 1.1.1100)
  - Flipper-Glog (0.5.0.5)
  - Flipper-PeerTalk (0.0.4)
  - Flipper-RSocket (1.4.3):
    - Flipper-Folly (~> 2.6)
  - FlipperKit (0.125.0):
    - FlipperKit/Core (= 0.125.0)
  - FlipperKit/Core (0.125.0):
    - Flipper (~> 0.125.0)
    - FlipperKit/CppBridge
    - FlipperKit/FBCxxFollyDynamicConvert
    - FlipperKit/FBDefines
    - FlipperKit/FKPortForwarding
    - SocketRocket (~> 0.6.0)
  - FlipperKit/CppBridge (0.125.0):
    - Flipper (~> 0.125.0)
  - FlipperKit/FBCxxFollyDynamicConvert (0.125.0):
    - Flipper-Folly (~> 2.6)
  - FlipperKit/FBDefines (0.125.0)
  - FlipperKit/FKPortForwarding (0.125.0):
    - CocoaAsyncSocket (~> 7.6)
    - Flipper-PeerTalk (~> 0.0.4)
  - FlipperKit/FlipperKitHighlightOverlay (0.125.0)
  - FlipperKit/FlipperKitLayoutHelpers (0.125.0):
    - FlipperKit/Core
    - FlipperKit/FlipperKitHighlightOverlay
    - FlipperKit/FlipperKitLayoutTextSearchable
  - FlipperKit/FlipperKitLayoutIOSDescriptors (0.125.0):
    - FlipperKit/Core
    - FlipperKit/FlipperKitHighlightOverlay
    - FlipperKit/FlipperKitLayoutHelpers
    - YogaKit (~> 1.18)
  - FlipperKit/FlipperKitLayoutPlugin (0.125.0):
    - FlipperKit/Core
    - FlipperKit/FlipperKitHighlightOverlay
    - FlipperKit/FlipperKitLayoutHelpers
    - FlipperKit/FlipperKitLayoutIOSDescriptors
    - FlipperKit/FlipperKitLayoutTextSearchable
    - YogaKit (~> 1.18)
  - FlipperKit/FlipperKitLayoutTextSearchable (0.125.0)
  - FlipperKit/FlipperKitNetworkPlugin (0.125.0):
    - FlipperKit/Core
  - FlipperKit/FlipperKitReactPlugin (0.125.0):
    - FlipperKit/Core
  - FlipperKit/FlipperKitUserDefaultsPlugin (0.125.0):
    - FlipperKit/Core
  - FlipperKit/SKIOSNetworkPlugin (0.125.0):
    - FlipperKit/Core
    - FlipperKit/FlipperKitNetworkPlugin
  - fmt (6.2.1)
  - glog (0.3.5)
  - libevent (2.1.12)
  - libwebp (1.2.1):
    - libwebp/demux (= 1.2.1)
    - libwebp/mux (= 1.2.1)
    - libwebp/webp (= 1.2.1)
  - libwebp/demux (1.2.1):
    - libwebp/webp
  - libwebp/mux (1.2.1):
    - libwebp/demux
  - libwebp/webp (1.2.1)
  - OpenSSL-Universal (1.1.1100)
  - Permission-PhotoLibrary (3.6.1):
    - RNPermissions
  - RCT-Folly (2021.06.28.00-v2):
    - boost
    - DoubleConversion
    - fmt (~> 6.2.1)
    - glog
    - RCT-Folly/Default (= 2021.06.28.00-v2)
  - RCT-Folly/Default (2021.06.28.00-v2):
    - boost
    - DoubleConversion
    - fmt (~> 6.2.1)
    - glog
  - RCTRequired (0.69.7)
  - RCTTypeSafety (0.69.7):
    - FBLazyVector (= 0.69.7)
    - RCTRequired (= 0.69.7)
    - React-Core (= 0.69.7)
  - React (0.69.7):
    - React-Core (= 0.69.7)
    - React-Core/DevSupport (= 0.69.7)
    - React-Core/RCTWebSocket (= 0.69.7)
    - React-RCTActionSheet (= 0.69.7)
    - React-RCTAnimation (= 0.69.7)
    - React-RCTBlob (= 0.69.7)
    - React-RCTImage (= 0.69.7)
    - React-RCTLinking (= 0.69.7)
    - React-RCTNetwork (= 0.69.7)
    - React-RCTSettings (= 0.69.7)
    - React-RCTText (= 0.69.7)
    - React-RCTVibration (= 0.69.7)
  - React-bridging (0.69.7):
    - RCT-Folly (= 2021.06.28.00-v2)
    - React-jsi (= 0.69.7)
  - React-callinvoker (0.69.7)
  - React-Codegen (0.69.7):
    - FBReactNativeSpec (= 0.69.7)
    - RCT-Folly (= 2021.06.28.00-v2)
    - RCTRequired (= 0.69.7)
    - RCTTypeSafety (= 0.69.7)
    - React-Core (= 0.69.7)
    - React-jsi (= 0.69.7)
    - React-jsiexecutor (= 0.69.7)
    - ReactCommon/turbomodule/core (= 0.69.7)
  - React-Core (0.69.7):
    - glog
    - RCT-Folly (= 2021.06.28.00-v2)
    - React-Core/Default (= 0.69.7)
    - React-cxxreact (= 0.69.7)
    - React-jsi (= 0.69.7)
    - React-jsiexecutor (= 0.69.7)
    - React-perflogger (= 0.69.7)
    - Yoga
  - React-Core/CoreModulesHeaders (0.69.7):
    - glog
    - RCT-Folly (= 2021.06.28.00-v2)
    - React-Core/Default
    - React-cxxreact (= 0.69.7)
    - React-jsi (= 0.69.7)
    - React-jsiexecutor (= 0.69.7)
    - React-perflogger (= 0.69.7)
    - Yoga
  - React-Core/Default (0.69.7):
    - glog
    - RCT-Folly (= 2021.06.28.00-v2)
    - React-cxxreact (= 0.69.7)
    - React-jsi (= 0.69.7)
    - React-jsiexecutor (= 0.69.7)
    - React-perflogger (= 0.69.7)
    - Yoga
  - React-Core/DevSupport (0.69.7):
    - glog
    - RCT-Folly (= 2021.06.28.00-v2)
    - React-Core/Default (= 0.69.7)
    - React-Core/RCTWebSocket (= 0.69.7)
    - React-cxxreact (= 0.69.7)
    - React-jsi (= 0.69.7)
    - React-jsiexecutor (= 0.69.7)
    - React-jsinspector (= 0.69.7)
    - React-perflogger (= 0.69.7)
    - Yoga
  - React-Core/RCTActionSheetHeaders (0.69.7):
    - glog
    - RCT-Folly (= 2021.06.28.00-v2)
    - React-Core/Default
    - React-cxxreact (= 0.69.7)
    - React-jsi (= 0.69.7)
    - React-jsiexecutor (= 0.69.7)
    - React-perflogger (= 0.69.7)
    - Yoga
  - React-Core/RCTAnimationHeaders (0.69.7):
    - glog
    - RCT-Folly (= 2021.06.28.00-v2)
    - React-Core/Default
    - React-cxxreact (= 0.69.7)
    - React-jsi (= 0.69.7)
    - React-jsiexecutor (= 0.69.7)
    - React-perflogger (= 0.69.7)
    - Yoga
  - React-Core/RCTBlobHeaders (0.69.7):
    - glog
    - RCT-Folly (= 2021.06.28.00-v2)
    - React-Core/Default
    - React-cxxreact (= 0.69.7)
    - React-jsi (= 0.69.7)
    - React-jsiexecutor (= 0.69.7)
    - React-perflogger (= 0.69.7)
    - Yoga
  - React-Core/RCTImageHeaders (0.69.7):
    - glog
    - RCT-Folly (= 2021.06.28.00-v2)
    - React-Core/Default
    - React-cxxreact (= 0.69.7)
    - React-jsi (= 0.69.7)
    - React-jsiexecutor (= 0.69.7)
    - React-perflogger (= 0.69.7)
    - Yoga
  - React-Core/RCTLinkingHeaders (0.69.7):
    - glog
    - RCT-Folly (= 2021.06.28.00-v2)
    - React-Core/Default
    - React-cxxreact (= 0.69.7)
    - React-jsi (= 0.69.7)
    - React-jsiexecutor (= 0.69.7)
    - React-perflogger (= 0.69.7)
    - Yoga
  - React-Core/RCTNetworkHeaders (0.69.7):
    - glog
    - RCT-Folly (= 2021.06.28.00-v2)
    - React-Core/Default
    - React-cxxreact (= 0.69.7)
    - React-jsi (= 0.69.7)
    - React-jsiexecutor (= 0.69.7)
    - React-perflogger (= 0.69.7)
    - Yoga
  - React-Core/RCTSettingsHeaders (0.69.7):
    - glog
    - RCT-Folly (= 2021.06.28.00-v2)
    - React-Core/Default
    - React-cxxreact (= 0.69.7)
    - React-jsi (= 0.69.7)
    - React-jsiexecutor (= 0.69.7)
    - React-perflogger (= 0.69.7)
    - Yoga
  - React-Core/RCTTextHeaders (0.69.7):
    - glog
    - RCT-Folly (= 2021.06.28.00-v2)
    - React-Core/Default
    - React-cxxreact (= 0.69.7)
    - React-jsi (= 0.69.7)
    - React-jsiexecutor (= 0.69.7)
    - React-perflogger (= 0.69.7)
    - Yoga
  - React-Core/RCTVibrationHeaders (0.69.7):
    - glog
    - RCT-Folly (= 2021.06.28.00-v2)
    - React-Core/Default
    - React-cxxreact (= 0.69.7)
    - React-jsi (= 0.69.7)
    - React-jsiexecutor (= 0.69.7)
    - React-perflogger (= 0.69.7)
    - Yoga
  - React-Core/RCTWebSocket (0.69.7):
    - glog
    - RCT-Folly (= 2021.06.28.00-v2)
    - React-Core/Default (= 0.69.7)
    - React-cxxreact (= 0.69.7)
    - React-jsi (= 0.69.7)
    - React-jsiexecutor (= 0.69.7)
    - React-perflogger (= 0.69.7)
    - Yoga
  - React-CoreModules (0.69.7):
    - RCT-Folly (= 2021.06.28.00-v2)
    - RCTTypeSafety (= 0.69.7)
    - React-Codegen (= 0.69.7)
    - React-Core/CoreModulesHeaders (= 0.69.7)
    - React-jsi (= 0.69.7)
    - React-RCTImage (= 0.69.7)
    - ReactCommon/turbomodule/core (= 0.69.7)
  - React-cxxreact (0.69.7):
    - boost (= 1.76.0)
    - DoubleConversion
    - glog
    - RCT-Folly (= 2021.06.28.00-v2)
    - React-callinvoker (= 0.69.7)
    - React-jsi (= 0.69.7)
    - React-jsinspector (= 0.69.7)
    - React-logger (= 0.69.7)
    - React-perflogger (= 0.69.7)
    - React-runtimeexecutor (= 0.69.7)
  - React-jsi (0.69.7):
    - boost (= 1.76.0)
    - DoubleConversion
    - glog
    - RCT-Folly (= 2021.06.28.00-v2)
    - React-jsi/Default (= 0.69.7)
  - React-jsi/Default (0.69.7):
    - boost (= 1.76.0)
    - DoubleConversion
    - glog
    - RCT-Folly (= 2021.06.28.00-v2)
  - React-jsiexecutor (0.69.7):
    - DoubleConversion
    - glog
    - RCT-Folly (= 2021.06.28.00-v2)
    - React-cxxreact (= 0.69.7)
    - React-jsi (= 0.69.7)
    - React-perflogger (= 0.69.7)
  - React-jsinspector (0.69.7)
  - React-logger (0.69.7):
    - glog
  - react-native-document-picker (8.1.3):
    - React-Core
  - react-native-image-picker (4.10.2):
    - React-Core
  - react-native-network-client (1.0.0):
    - Alamofire (~> 5.6.4)
    - React-Core
    - Starscream (~> 4.0.4)
    - SwiftyJSON (~> 5.0)
  - react-native-safe-area-context (4.4.1):
    - RCT-Folly
    - RCTRequired
    - RCTTypeSafety
    - React-Core
    - ReactCommon/turbomodule/core
  - React-perflogger (0.69.7)
  - React-RCTActionSheet (0.69.7):
    - React-Core/RCTActionSheetHeaders (= 0.69.7)
  - React-RCTAnimation (0.69.7):
    - RCT-Folly (= 2021.06.28.00-v2)
    - RCTTypeSafety (= 0.69.7)
    - React-Codegen (= 0.69.7)
    - React-Core/RCTAnimationHeaders (= 0.69.7)
    - React-jsi (= 0.69.7)
    - ReactCommon/turbomodule/core (= 0.69.7)
  - React-RCTBlob (0.69.7):
    - RCT-Folly (= 2021.06.28.00-v2)
    - React-Codegen (= 0.69.7)
    - React-Core/RCTBlobHeaders (= 0.69.7)
    - React-Core/RCTWebSocket (= 0.69.7)
    - React-jsi (= 0.69.7)
    - React-RCTNetwork (= 0.69.7)
    - ReactCommon/turbomodule/core (= 0.69.7)
  - React-RCTImage (0.69.7):
    - RCT-Folly (= 2021.06.28.00-v2)
    - RCTTypeSafety (= 0.69.7)
    - React-Codegen (= 0.69.7)
    - React-Core/RCTImageHeaders (= 0.69.7)
    - React-jsi (= 0.69.7)
    - React-RCTNetwork (= 0.69.7)
    - ReactCommon/turbomodule/core (= 0.69.7)
  - React-RCTLinking (0.69.7):
    - React-Codegen (= 0.69.7)
    - React-Core/RCTLinkingHeaders (= 0.69.7)
    - React-jsi (= 0.69.7)
    - ReactCommon/turbomodule/core (= 0.69.7)
  - React-RCTNetwork (0.69.7):
    - RCT-Folly (= 2021.06.28.00-v2)
    - RCTTypeSafety (= 0.69.7)
    - React-Codegen (= 0.69.7)
    - React-Core/RCTNetworkHeaders (= 0.69.7)
    - React-jsi (= 0.69.7)
    - ReactCommon/turbomodule/core (= 0.69.7)
  - React-RCTSettings (0.69.7):
    - RCT-Folly (= 2021.06.28.00-v2)
    - RCTTypeSafety (= 0.69.7)
    - React-Codegen (= 0.69.7)
    - React-Core/RCTSettingsHeaders (= 0.69.7)
    - React-jsi (= 0.69.7)
    - ReactCommon/turbomodule/core (= 0.69.7)
  - React-RCTText (0.69.7):
    - React-Core/RCTTextHeaders (= 0.69.7)
  - React-RCTVibration (0.69.7):
    - RCT-Folly (= 2021.06.28.00-v2)
    - React-Codegen (= 0.69.7)
    - React-Core/RCTVibrationHeaders (= 0.69.7)
    - React-jsi (= 0.69.7)
    - ReactCommon/turbomodule/core (= 0.69.7)
  - React-runtimeexecutor (0.69.7):
    - React-jsi (= 0.69.7)
  - ReactCommon/turbomodule/core (0.69.7):
    - DoubleConversion
    - glog
    - RCT-Folly (= 2021.06.28.00-v2)
    - React-bridging (= 0.69.7)
    - React-callinvoker (= 0.69.7)
    - React-Core (= 0.69.7)
    - React-cxxreact (= 0.69.7)
    - React-jsi (= 0.69.7)
    - React-logger (= 0.69.7)
    - React-perflogger (= 0.69.7)
  - RNCCheckbox (0.5.14):
    - BEMCheckBox (~> 1.4)
    - React-Core
  - RNCMaskedView (0.1.11):
    - React
  - RNDeviceInfo (10.3.0):
    - React-Core
  - RNFastImage (8.6.3):
    - React-Core
    - SDWebImage (~> 5.11.1)
    - SDWebImageWebPCoder (~> 0.8.4)
  - RNFS (2.20.0):
    - React-Core
  - RNGestureHandler (2.8.0):
    - React-Core
  - RNPermissions (3.6.1):
    - React-Core
  - RNReanimated (2.13.0):
    - DoubleConversion
    - FBLazyVector
    - FBReactNativeSpec
    - glog
    - RCT-Folly
    - RCTRequired
    - RCTTypeSafety
    - React-callinvoker
    - React-Core
    - React-Core/DevSupport
    - React-Core/RCTWebSocket
    - React-CoreModules
    - React-cxxreact
    - React-jsi
    - React-jsiexecutor
    - React-jsinspector
    - React-RCTActionSheet
    - React-RCTAnimation
    - React-RCTBlob
    - React-RCTImage
    - React-RCTLinking
    - React-RCTNetwork
    - React-RCTSettings
    - React-RCTText
    - ReactCommon/turbomodule/core
    - Yoga
  - RNScreens (3.18.2):
    - React-Core
    - React-RCTImage
  - RNVectorIcons (9.2.0):
    - React-Core
  - SDWebImage (5.11.1):
    - SDWebImage/Core (= 5.11.1)
  - SDWebImage/Core (5.11.1)
  - SDWebImageWebPCoder (0.8.4):
    - libwebp (~> 1.0)
    - SDWebImage/Core (~> 5.10)
  - SocketRocket (0.6.0)
  - Starscream (4.0.4)
  - SwiftyJSON (5.0.1)
  - Yoga (1.14.0)
  - YogaKit (1.18.1):
    - Yoga (~> 1.14)

DEPENDENCIES:
  - boost (from `../node_modules/react-native/third-party-podspecs/boost.podspec`)
  - DoubleConversion (from `../node_modules/react-native/third-party-podspecs/DoubleConversion.podspec`)
  - FBLazyVector (from `../node_modules/react-native/Libraries/FBLazyVector`)
  - FBReactNativeSpec (from `../node_modules/react-native/React/FBReactNativeSpec`)
  - Flipper (= 0.125.0)
  - Flipper-Boost-iOSX (= 1.76.0.1.11)
  - Flipper-DoubleConversion (= 3.2.0.1)
  - Flipper-Fmt (= 7.1.7)
  - Flipper-Folly (= 2.6.10)
  - Flipper-Glog (= 0.5.0.5)
  - Flipper-PeerTalk (= 0.0.4)
  - Flipper-RSocket (= 1.4.3)
  - FlipperKit (= 0.125.0)
  - FlipperKit/Core (= 0.125.0)
  - FlipperKit/CppBridge (= 0.125.0)
  - FlipperKit/FBCxxFollyDynamicConvert (= 0.125.0)
  - FlipperKit/FBDefines (= 0.125.0)
  - FlipperKit/FKPortForwarding (= 0.125.0)
  - FlipperKit/FlipperKitHighlightOverlay (= 0.125.0)
  - FlipperKit/FlipperKitLayoutPlugin (= 0.125.0)
  - FlipperKit/FlipperKitLayoutTextSearchable (= 0.125.0)
  - FlipperKit/FlipperKitNetworkPlugin (= 0.125.0)
  - FlipperKit/FlipperKitReactPlugin (= 0.125.0)
  - FlipperKit/FlipperKitUserDefaultsPlugin (= 0.125.0)
  - FlipperKit/SKIOSNetworkPlugin (= 0.125.0)
  - glog (from `../node_modules/react-native/third-party-podspecs/glog.podspec`)
  - OpenSSL-Universal (= 1.1.1100)
  - Permission-PhotoLibrary (from `../node_modules/react-native-permissions/ios/PhotoLibrary`)
  - RCT-Folly (from `../node_modules/react-native/third-party-podspecs/RCT-Folly.podspec`)
  - RCTRequired (from `../node_modules/react-native/Libraries/RCTRequired`)
  - RCTTypeSafety (from `../node_modules/react-native/Libraries/TypeSafety`)
  - React (from `../node_modules/react-native/`)
  - React-bridging (from `../node_modules/react-native/ReactCommon`)
  - React-callinvoker (from `../node_modules/react-native/ReactCommon/callinvoker`)
  - React-Codegen (from `build/generated/ios`)
  - React-Core (from `../node_modules/react-native/`)
  - React-Core/DevSupport (from `../node_modules/react-native/`)
  - React-Core/RCTWebSocket (from `../node_modules/react-native/`)
  - React-CoreModules (from `../node_modules/react-native/React/CoreModules`)
  - React-cxxreact (from `../node_modules/react-native/ReactCommon/cxxreact`)
  - React-jsi (from `../node_modules/react-native/ReactCommon/jsi`)
  - React-jsiexecutor (from `../node_modules/react-native/ReactCommon/jsiexecutor`)
  - React-jsinspector (from `../node_modules/react-native/ReactCommon/jsinspector`)
  - React-logger (from `../node_modules/react-native/ReactCommon/logger`)
  - react-native-document-picker (from `../node_modules/react-native-document-picker`)
  - react-native-image-picker (from `../node_modules/react-native-image-picker`)
  - react-native-network-client (from `../..`)
  - react-native-safe-area-context (from `../node_modules/react-native-safe-area-context`)
  - React-perflogger (from `../node_modules/react-native/ReactCommon/reactperflogger`)
  - React-RCTActionSheet (from `../node_modules/react-native/Libraries/ActionSheetIOS`)
  - React-RCTAnimation (from `../node_modules/react-native/Libraries/NativeAnimation`)
  - React-RCTBlob (from `../node_modules/react-native/Libraries/Blob`)
  - React-RCTImage (from `../node_modules/react-native/Libraries/Image`)
  - React-RCTLinking (from `../node_modules/react-native/Libraries/LinkingIOS`)
  - React-RCTNetwork (from `../node_modules/react-native/Libraries/Network`)
  - React-RCTSettings (from `../node_modules/react-native/Libraries/Settings`)
  - React-RCTText (from `../node_modules/react-native/Libraries/Text`)
  - React-RCTVibration (from `../node_modules/react-native/Libraries/Vibration`)
  - React-runtimeexecutor (from `../node_modules/react-native/ReactCommon/runtimeexecutor`)
  - ReactCommon/turbomodule/core (from `../node_modules/react-native/ReactCommon`)
  - "RNCCheckbox (from `../node_modules/@react-native-community/checkbox`)"
  - "RNCMaskedView (from `../node_modules/@react-native-community/masked-view`)"
  - RNDeviceInfo (from `../node_modules/react-native-device-info`)
  - RNFastImage (from `../node_modules/react-native-fast-image`)
  - RNFS (from `../node_modules/react-native-fs`)
  - RNGestureHandler (from `../node_modules/react-native-gesture-handler`)
  - RNPermissions (from `../node_modules/react-native-permissions`)
  - RNReanimated (from `../node_modules/react-native-reanimated`)
  - RNScreens (from `../node_modules/react-native-screens`)
  - RNVectorIcons (from `../node_modules/react-native-vector-icons`)
  - Starscream (from `https://github.com/mattermost/Starscream.git`, commit `1b4b93708fb63d2665625a11e57461772a65364a`)
  - Yoga (from `../node_modules/react-native/ReactCommon/yoga`)

SPEC REPOS:
  trunk:
    - Alamofire
    - BEMCheckBox
    - CocoaAsyncSocket
    - Flipper
    - Flipper-Boost-iOSX
    - Flipper-DoubleConversion
    - Flipper-Fmt
    - Flipper-Folly
    - Flipper-Glog
    - Flipper-PeerTalk
    - Flipper-RSocket
    - FlipperKit
    - fmt
    - libevent
    - libwebp
    - OpenSSL-Universal
    - SDWebImage
    - SDWebImageWebPCoder
    - SocketRocket
    - SwiftyJSON
    - YogaKit

EXTERNAL SOURCES:
  boost:
    :podspec: "../node_modules/react-native/third-party-podspecs/boost.podspec"
  DoubleConversion:
    :podspec: "../node_modules/react-native/third-party-podspecs/DoubleConversion.podspec"
  FBLazyVector:
    :path: "../node_modules/react-native/Libraries/FBLazyVector"
  FBReactNativeSpec:
    :path: "../node_modules/react-native/React/FBReactNativeSpec"
  glog:
    :podspec: "../node_modules/react-native/third-party-podspecs/glog.podspec"
  Permission-PhotoLibrary:
    :path: "../node_modules/react-native-permissions/ios/PhotoLibrary"
  RCT-Folly:
    :podspec: "../node_modules/react-native/third-party-podspecs/RCT-Folly.podspec"
  RCTRequired:
    :path: "../node_modules/react-native/Libraries/RCTRequired"
  RCTTypeSafety:
    :path: "../node_modules/react-native/Libraries/TypeSafety"
  React:
    :path: "../node_modules/react-native/"
  React-bridging:
    :path: "../node_modules/react-native/ReactCommon"
  React-callinvoker:
    :path: "../node_modules/react-native/ReactCommon/callinvoker"
  React-Codegen:
    :path: build/generated/ios
  React-Core:
    :path: "../node_modules/react-native/"
  React-CoreModules:
    :path: "../node_modules/react-native/React/CoreModules"
  React-cxxreact:
    :path: "../node_modules/react-native/ReactCommon/cxxreact"
  React-jsi:
    :path: "../node_modules/react-native/ReactCommon/jsi"
  React-jsiexecutor:
    :path: "../node_modules/react-native/ReactCommon/jsiexecutor"
  React-jsinspector:
    :path: "../node_modules/react-native/ReactCommon/jsinspector"
  React-logger:
    :path: "../node_modules/react-native/ReactCommon/logger"
  react-native-document-picker:
    :path: "../node_modules/react-native-document-picker"
  react-native-image-picker:
    :path: "../node_modules/react-native-image-picker"
  react-native-network-client:
    :path: "../.."
  react-native-safe-area-context:
    :path: "../node_modules/react-native-safe-area-context"
  React-perflogger:
    :path: "../node_modules/react-native/ReactCommon/reactperflogger"
  React-RCTActionSheet:
    :path: "../node_modules/react-native/Libraries/ActionSheetIOS"
  React-RCTAnimation:
    :path: "../node_modules/react-native/Libraries/NativeAnimation"
  React-RCTBlob:
    :path: "../node_modules/react-native/Libraries/Blob"
  React-RCTImage:
    :path: "../node_modules/react-native/Libraries/Image"
  React-RCTLinking:
    :path: "../node_modules/react-native/Libraries/LinkingIOS"
  React-RCTNetwork:
    :path: "../node_modules/react-native/Libraries/Network"
  React-RCTSettings:
    :path: "../node_modules/react-native/Libraries/Settings"
  React-RCTText:
    :path: "../node_modules/react-native/Libraries/Text"
  React-RCTVibration:
    :path: "../node_modules/react-native/Libraries/Vibration"
  React-runtimeexecutor:
    :path: "../node_modules/react-native/ReactCommon/runtimeexecutor"
  ReactCommon:
    :path: "../node_modules/react-native/ReactCommon"
  RNCCheckbox:
    :path: "../node_modules/@react-native-community/checkbox"
  RNCMaskedView:
    :path: "../node_modules/@react-native-community/masked-view"
  RNDeviceInfo:
    :path: "../node_modules/react-native-device-info"
  RNFastImage:
    :path: "../node_modules/react-native-fast-image"
  RNFS:
    :path: "../node_modules/react-native-fs"
  RNGestureHandler:
    :path: "../node_modules/react-native-gesture-handler"
  RNPermissions:
    :path: "../node_modules/react-native-permissions"
  RNReanimated:
    :path: "../node_modules/react-native-reanimated"
  RNScreens:
    :path: "../node_modules/react-native-screens"
  RNVectorIcons:
    :path: "../node_modules/react-native-vector-icons"
  Starscream:
    :commit: 1b4b93708fb63d2665625a11e57461772a65364a
    :git: https://github.com/mattermost/Starscream.git
  Yoga:
    :path: "../node_modules/react-native/ReactCommon/yoga"

CHECKOUT OPTIONS:
  Starscream:
    :commit: 1b4b93708fb63d2665625a11e57461772a65364a
    :git: https://github.com/mattermost/Starscream.git

SPEC CHECKSUMS:
  Alamofire: 4e95d97098eacb88856099c4fc79b526a299e48c
  BEMCheckBox: 5ba6e37ade3d3657b36caecc35c8b75c6c2b1a4e
  boost: a7c83b31436843459a1961bfd74b96033dc77234
  CocoaAsyncSocket: 065fd1e645c7abab64f7a6a2007a48038fdc6a99
  DoubleConversion: 5189b271737e1565bdce30deb4a08d647e3f5f54
  FBLazyVector: 6b7f5692909b4300d50e7359cdefbcd09dd30faa
  FBReactNativeSpec: affcf71d996f6b0c01f68883482588297b9d5e6e
  Flipper: 26fc4b7382499f1281eb8cb921e5c3ad6de91fe0
  Flipper-Boost-iOSX: fd1e2b8cbef7e662a122412d7ac5f5bea715403c
  Flipper-DoubleConversion: 2dc99b02f658daf147069aad9dbd29d8feb06d30
  Flipper-Fmt: 60cbdd92fc254826e61d669a5d87ef7015396a9b
  Flipper-Folly: 584845625005ff068a6ebf41f857f468decd26b3
  Flipper-Glog: 70c50ce58ddaf67dc35180db05f191692570f446
  Flipper-PeerTalk: 116d8f857dc6ef55c7a5a75ea3ceaafe878aadc9
  Flipper-RSocket: d9d9ade67cbecf6ac10730304bf5607266dd2541
  FlipperKit: cbdee19bdd4e7f05472a66ce290f1b729ba3cb86
  fmt: ff9d55029c625d3757ed641535fd4a75fedc7ce9
  glog: 3d02b25ca00c2d456734d0bcff864cbc62f6ae1a
  libevent: 4049cae6c81cdb3654a443be001fb9bdceff7913
  libwebp: 98a37e597e40bfdb4c911fc98f2c53d0b12d05fc
  OpenSSL-Universal: ebc357f1e6bc71fa463ccb2fe676756aff50e88c
  Permission-PhotoLibrary: 5b34ca67279f7201ae109cef36f9806a6596002d
  RCT-Folly: b9d9fe1fc70114b751c076104e52f3b1b5e5a95a
  RCTRequired: 54bff6aa61efd9598ab59d2a823c382b4fe13d27
  RCTTypeSafety: 47632bfa768df7befde08e339a9847e6cff6ff78
  React: 72a676de573cc5ee0e375e5535238af9a4bd435c
  React-bridging: 12b6677a30fbd46555a35aa6096331737a9af598
  React-callinvoker: bb574a923c2281d01be23ed3b5d405caa583f56d
  React-Codegen: a5e05592b65963a4a453808d2233a04edb7ac8cd
  React-Core: 138385d05068622b2b1873eee7dc5be9762f5383
  React-CoreModules: 3a9be624998677db102b19090b1c33c7564ead6d
  React-cxxreact: eb24a767b0b811259947f3d538e7c999467e7131
  React-jsi: 9c1cc1173fc8a24b094e01c54d8e3b567fed7edc
  React-jsiexecutor: a73bec0218ba959fc92f811b581ad6c2270c6b6f
  React-jsinspector: 8134ee22182b8dd98dc0973db6266c398103ce6c
  React-logger: 1e7ac909607ee65fd5c4d8bea8c6e644f66b8843
  react-native-document-picker: 958e2bc82e128be69055be261aeac8d872c8d34c
  react-native-image-picker: bf34f3f516d139ed3e24c5f5a381a91819e349ea
  react-native-network-client: adb33b1a6e4b47120051dda267705eb09a48f428
  react-native-safe-area-context: 99b24a0c5acd0d5dcac2b1a7f18c49ea317be99a
  React-perflogger: 8e832d4e21fdfa613033c76d58d7e617341e804b
  React-RCTActionSheet: 9ca778182a9523991bff6381045885b6e808bb73
  React-RCTAnimation: 9ced26ad20b96e532ac791a8ab92a7b1ce2266b8
  React-RCTBlob: 2ca3402386d6ab8e9a9a39117305c7601ba2a7f8
  React-RCTImage: 7be51899367082a49e7a7560247ab3961e4dd248
  React-RCTLinking: 262229106f181d8187a5a041fa0dffe6e9726347
  React-RCTNetwork: 428b6f17bf4684ede387422eb789ca89365e33d3
  React-RCTSettings: eaef83489b80045528f1fe1ea5daefaa586ed763
  React-RCTText: d197cff9d5d7f68bdb88468d94617bbf2aa6a48d
  React-RCTVibration: 600a9f8b3537db360563d50fab3d040c262567d4
  React-runtimeexecutor: 65cd2782a57e1d59a68aa5d504edf94278578e41
  ReactCommon: 1e783348b9aa73ae68236271df972ba898560a95
  RNCCheckbox: 38989bbd3d7d536adf24ba26c6b3e6cefe0bea6f
  RNCMaskedView: 0e1bc4bfa8365eba5fbbb71e07fbdc0555249489
  RNDeviceInfo: 4701f0bf2a06b34654745053db0ce4cb0c53ada7
  RNFastImage: 5c9c9fed9c076e521b3f509fe79e790418a544e8
  RNFS: 4ac0f0ea233904cb798630b3c077808c06931688
  RNGestureHandler: 62232ba8f562f7dea5ba1b3383494eb5bf97a4d3
  RNPermissions: dcdb7b99796bbeda6975a6e79ad519c41b251b1c
  RNReanimated: f0d66bda3d074c43c72a18f4fd4f4c26687bc1fd
  RNScreens: 34cc502acf1b916c582c60003dc3089fa01dc66d
  RNVectorIcons: fcc2f6cb32f5735b586e66d14103a74ce6ad61f8
  SDWebImage: a7f831e1a65eb5e285e3fb046a23fcfbf08e696d
  SDWebImageWebPCoder: f93010f3f6c031e2f8fb3081ca4ee6966c539815
  SocketRocket: fccef3f9c5cedea1353a9ef6ada904fde10d6608
  Starscream: 5178aed56b316f13fa3bc55694e583d35dd414d9
  SwiftyJSON: 2f33a42c6fbc52764d96f13368585094bfd8aa5e
  Yoga: 0b84a956f7393ef1f37f3bb213c516184e4a689d
  YogaKit: f782866e155069a2cca2517aafea43200b01fd5a

PODFILE CHECKSUM: 712391ad199622d7808a67c1915e943e04d01155

COCOAPODS: 1.11.3
